Microsoft Visual Studio Solution File, Format Version 11.00
# Visual Studio 2010
Project("{FAE04EC0-301F-11D3-BF4B-00C04F79EFBC}") = "CustomFilterDropown", "CustomFilterDropown\CustomFilterDropown.csproj", "{8BD96405-E142-4265-8FAE-4B5F06C6D490}"
EndProject
Global
	GlobalSection(SolutionConfigurationPlatforms) = preSolution
		Debug|Any CPU = Debug|Any CPU
		Release|Any CPU = Release|Any CPU
	EndGlobalSection
	GlobalSection(ProjectConfigurationPlatforms) = postSolution
		{8BD96405-E142-4265-8FAE-4B5F06C6D490}.Debug|Any CPU.ActiveCfg = Debug|Any CPU
		{8BD96405-E142-4265-8FAE-4B5F06C6D490}.Debug|Any CPU.Build.0 = Debug|Any CPU
		{8BD96405-E142-4265-8FAE-4B5F06C6D490}.Release|Any CPU.ActiveCfg = Release|Any CPU
		{8BD96405-E142-4265-8FAE-4B5F06C6D490}.Release|Any CPU.Build.0 = Release|Any CPU
	EndGlobalSection
	GlobalSection(SolutionProperties) = preSolution
		HideSolutionNode = FALSE
	EndGlobalSection
EndGlobal
